
Microsoft Visual Studio Solution File, Format Version 11.00
# Visual Studio 2010
Project("{FAE04EC0-301F-11D3-BF4B-00C04F79EFBC}") = "BapiWrapper", "..\..\..\..\..\Platform\AppAddins\NL\Prod.NL.BAPIWrapper\Prod.NL.BAPIWrapper.csproj", "{D936063D-7312-4A72-9302-46C3BA955641}"
EndProject
Global
	GlobalSection(SolutionConfigurationPlatforms) = preSolution
		Debug|x86 = Debug|x86
		Release|x86 = Release|x86
	EndGlobalSection
	GlobalSection(ProjectConfigurationPlatforms) = postSolution
		{D936063D-7312-4A72-9302-46C3BA955641}.Debug|x86.ActiveCfg = Debug|x86
		{D936063D-7312-4A72-9302-46C3BA955641}.Debug|x86.Build.0 = Debug|x86
		{D936063D-7312-4A72-9302-46C3BA955641}.Release|x86.ActiveCfg = Release|x86
		{D936063D-7312-4A72-9302-46C3BA955641}.Release|x86.Build.0 = Release|x86
	EndGlobalSection
	GlobalSection(SolutionProperties) = preSolution
		HideSolutionNode = FALSE
	EndGlobalSection
EndGlobal
